<?xml version="1.0" encoding="utf-8"?>
<Project ToolsVersion="4.0" xmlns="http://schemas.microsoft.com/developer/msbuild/2003">
  <ItemGroup>
    <Filter Include="Source Files">
      <UniqueIdentifier>{4FC737F1-C7A5-4376-A066-2A32D752A2FF}</UniqueIdentifier>
      <Extensions>cpp;c;cc;cxx;c++;cppm;ixx;def;odl;idl;hpj;bat;asm;asmx</Extensions>
    </Filter>
    <Filter Include="Header Files">
      <UniqueIdentifier>{93995380-89BD-4b04-88EB-625FBE52EBFB}</UniqueIdentifier>
      <Extensions>h;hh;hpp;hxx;h++;hm;inl;inc;ipp;xsd</Extensions>
    </Filter>
    <Filter Include="Resource Files">
      <UniqueIdentifier>{67DA6AB6-F800-4c08-8B7A-83BB121AAD01}</UniqueIdentifier>
      <Extensions>rc;ico;cur;bmp;dlg;rc2;rct;bin;rgs;gif;jpg;jpeg;jpe;resx;tiff;tif;png;wav;mfcribbon-ms</Extensions>
    </Filter>
    <Filter Include="Source Files\app">
      <UniqueIdentifier>{f468d6ab-c439-4fb1-8cad-26f354d072df}</UniqueIdentifier>
    </Filter>
  </ItemGroup>
  <ItemGroup>
    <ClCompile Include="TonalityTest.cpp">
      <Filter>Source Files</Filter>
    </ClCompile>
    <ClCompile Include="ScreenBufferTest.cpp">
      <Filter>Source Files</Filter>
    </ClCompile>
    <ClCompile Include="..\app\ScreenBuffer.cpp">
      <Filter>Source Files\app</Filter>
    </ClCompile>
    <ClCompile Include="..\app\Tonality.cpp">
      <Filter>Source Files\app</Filter>
    </ClCompile>
    <ClCompile Include="..\app\InputManager.cpp">
      <Filter>Source Files\app</Filter>
    </ClCompile>
    <ClCompile Include="..\app\Keyboard.cpp">
      <Filter>Source Files\app</Filter>
    </ClCompile>
    <ClCompile Include="..\app\ScoreManager.cpp">
      <Filter>Source Files\app</Filter>
    </ClCompile>
    <ClCompile Include="InputManagerTest.cpp">
      <Filter>Source Files</Filter>
    </ClCompile>
    <ClCompile Include="KeyboardTest.cpp">
      <Filter>Source Files</Filter>
    </ClCompile>
    <ClCompile Include="ScoreManagerTest.cpp">
      <Filter>Source Files</Filter>
    </ClCompile>
    <ClCompile Include="..\app\SoundManager.cpp">
      <Filter>Source Files\app</Filter>
    </ClCompile>
    <ClCompile Include="SoundManagerTest.cpp">
      <Filter>Source Files</Filter>
    </ClCompile>
    <ClCompile Include="..\app\KeySelectionScreen.cpp">
      <Filter>Source Files\app</Filter>
    </ClCompile>
    <ClCompile Include="..\app\LevelManager.cpp">
      <Filter>Source Files\app</Filter>
    </ClCompile>
    <ClCompile Include="..\app\Note.cpp">
      <Filter>Source Files\app</Filter>
    </ClCompile>
    <ClCompile Include="..\app\NoteGenerator.cpp">
      <Filter>Source Files\app</Filter>
    </ClCompile>
    <ClCompile Include="..\app\NoteManager.cpp">
      <Filter>Source Files\app</Filter>
    </ClCompile>
    <ClCompile Include="NoteTest.cpp">
      <Filter>Source Files</Filter>
    </ClCompile>
    <ClCompile Include="NoteGeneratorTest.cpp">
      <Filter>Source Files</Filter>
    </ClCompile>
    <ClCompile Include="NoteManagerTest.cpp">
      <Filter>Source Files</Filter>
    </ClCompile>
    <ClCompile Include="LevelManagerTest.cpp">
      <Filter>Source Files</Filter>
    </ClCompile>
    <ClCompile Include="KeySelectionScreenTest.cpp">
      <Filter>Source Files</Filter>
    </ClCompile>
  </ItemGroup>
  <ItemGroup>
    <ClInclude Include="..\app\ScreenBuffer.h">
      <Filter>Source Files\app</Filter>
    </ClInclude>
    <ClInclude Include="..\app\Tonality.h">
      <Filter>Source Files\app</Filter>
    </ClInclude>
    <ClInclude Include="..\app\InputManager.h">
      <Filter>Source Files\app</Filter>
    </ClInclude>
    <ClInclude Include="..\app\Keyboard.h">
      <Filter>Source Files\app</Filter>
    </ClInclude>
    <ClInclude Include="..\app\ScoreManager.h">
      <Filter>Source Files\app</Filter>
    </ClInclude>
    <ClInclude Include="..\app\SoundManager.h">
      <Filter>Source Files\app</Filter>
    </ClInclude>
    <ClInclude Include="..\app\KeySelectionScreen.h">
      <Filter>Source Files\app</Filter>
    </ClInclude>
    <ClInclude Include="..\app\LevelManager.h">
      <Filter>Source Files\app</Filter>
    </ClInclude>
    <ClInclude Include="..\app\Note.h">
      <Filter>Source Files\app</Filter>
    </ClInclude>
    <ClInclude Include="..\app\NoteGenerator.h">
      <Filter>Source Files\app</Filter>
    </ClInclude>
    <ClInclude Include="..\app\NoteManager.h">
      <Filter>Source Files\app</Filter>
    </ClInclude>
    <ClInclude Include="..\app\MusicTypes.h">
      <Filter>Source Files\app</Filter>
    </ClInclude>
  </ItemGroup>
</Project>